// !$*UTF8*$!
{
	archiveVersion = 1;
	classes = {
	};
	objectVersion = 50;
	objects = {

/* Begin PBXBuildFile section */
		6610E2EA29A8773E00C4B132 /* AppDelegate.swift in Sources */ = {isa = PBXBuildFile; fileRef = 6610E2E929A8773E00C4B132 /* AppDelegate.swift */; };
		6610E2EC29A8773E00C4B132 /* SceneDelegate.swift in Sources */ = {isa = PBXBuildFile; fileRef = 6610E2EB29A8773E00C4B132 /* SceneDelegate.swift */; };
		6610E2EE29A8773E00C4B132 /* ViewController.swift in Sources */ = {isa = PBXBuildFile; fileRef = 6610E2ED29A8773E00C4B132 /* ViewController.swift */; };
		6610E2F129A8773E00C4B132 /* Main.storyboard in Resources */ = {isa = PBXBuildFile; fileRef = 6610E2EF29A8773E00C4B132 /* Main.storyboard */; };
		6610E2F329A8774000C4B132 /* Assets.xcassets in Resources */ = {isa = PBXBuildFile; fileRef = 6610E2F229A8774000C4B132 /* Assets.xcassets */; };
		6610E2F629A8774000C4B132 /* LaunchScreen.storyboard in Resources */ = {isa = PBXBuildFile; fileRef = 6610E2F429A8774000C4B132 /* LaunchScreen.storyboard */; };
		6610E2FF29A87C8F00C4B132 /* audio.mp3 in Resources */ = {isa = PBXBuildFile; fileRef = 6610E2FE29A87C8F00C4B132 /* audio.mp3 */; };
/* End PBXBuildFile section */

/* Begin PBXFileReference section */
		6610E2E629A8773E00C4B132 /* MeasuredB.app */ = {isa = PBXFileReference; explicitFileType = wrapper.application; includeInIndex = 0; path = MeasuredB.app; sourceTree = BUILT_PRODUCTS_DIR; };
		6610E2E929A8773E00C4B132 /* AppDelegate.swift */ = {isa = PBXFileReference; lastKnownFileType = sourcecode.swift; path = AppDelegate.swift; sourceTree = "<group>"; };
		6610E2EB29A8773E00C4B132 /* SceneDelegate.swift */ = {isa = PBXFileReference; lastKnownFileType = sourcecode.swift; path = SceneDelegate.swift; sourceTree = "<group>"; };
		6610E2ED29A8773E00C4B132 /* ViewController.swift */ = {isa = PBXFileReference; lastKnownFileType = sourcecode.swift; path = ViewController.swift; sourceTree = "<group>"; };
		6610E2F029A8773E00C4B132 /* Base */ = {isa = PBXFileReference; lastKnownFileType = file.storyboard; name = Base; path = Base.lproj/Main.storyboard; sourceTree = "<group>"; };
		6610E2F229A8774000C4B132 /* Assets.xcassets */ = {isa = PBXFileReference; lastKnownFileType = folder.assetcatalog; path = Assets.xcassets; sourceTree = "<group>"; };
		6610E2F529A8774000C4B132 /* Base */ = {isa = PBXFileReference; lastKnownFileType = file.storyboard; name = Base; path = Base.lproj/LaunchScreen.storyboard; sourceTree = "<group>"; };
		6610E2F729A8774000C4B132 /* Info.plist */ = {isa = PBXFileReference; lastKnownFileType = text.plist.xml; path = Info.plist; sourceTree = "<group>"; };
		6610E2FE29A87C8F00C4B132 /* audio.mp3 */ = {isa = PBXFileReference; lastKnownFileType = audio.mp3; path = audio.mp3; sourceTree = "<group>"; };
/* End PBXFileReference section */

/* Begin PBXFrameworksBuildPhase section */
		6610E2E329A8773E00C4B132 /* Frameworks */ = {
			isa = PBXFrameworksBuildPhase;
			buildActionMask = 2147483647;
			files = (
			);
			runOnlyForDeploymentPostprocessing = 0;
		};
/* End PBXFrameworksBuildPhase section */

/* Begin PBXGroup section */
		6610E2DD29A8773E00C4B132 = {
			isa = PBXGroup;
			children = (
				6610E2E829A8773E00C4B132 /* MeasuredB */,
				6610E2E729A8773E00C4B132 /* Products */,
			);
			sourceTree = "<group>";
		};
		6610E2E729A8773E00C4B132 /* Products */ = {
			isa = PBXGroup;
			children = (
				6610E2E629A8773E00C4B132 /* MeasuredB.app */,
			);
			name = Products;
			sourceTree = "<group>";
		};
		6610E2E829A8773E00C4B132 /* MeasuredB */ = {
			isa = PBXGroup;
			children = (
				6610E2E929A8773E00C4B132 /* AppDelegate.swift */,
				6610E2EB29A8773E00C4B132 /* SceneDelegate.swift */,
				6610E2ED29A8773E00C4B132 /* ViewController.swift */,
				6610E2FE29A87C8F00C4B132 /* audio.mp3 */,
				6610E2EF29A8773E00C4B132 /* Main.storyboard */,
				6610E2F229A8774000C4B132 /* Assets.xcassets */,
				6610E2F429A8774000C4B132 /* LaunchScreen.storyboard */,
				6610E2F729A8774000C4B132 /* Info.plist */,
			);
			path = MeasuredB;
			sourceTree = "<group>";
		};
/* End PBXGroup section */

/* Begin PBXNativeTarget section */
		6610E2E529A8773E00C4B132 /* MeasuredB */ = {
			isa = PBXNativeTarget;
			buildConfigurationList = 6610E2FA29A8774000C4B132 /* Build configuration list for PBXNativeTarget "MeasuredB" */;
			buildPhases = (
				6610E2E229A8773E00C4B132 /* Sources */,
				6610E2E329A8773E00C4B132 /* Frameworks */,
				6610E2E429A8773E00C4B132 /* Resources */,
			);
			buildRules = (
			);
			dependencies = (
			);
			name = MeasuredB;
			productName = MeasuredB;
			productReference = 6610E2E629A8773E00C4B132 /* MeasuredB.app */;
			productType = "com.apple.product-type.application";
		};
/* End PBXNativeTarget section */

/* Begin PBXProject section */
		6610E2DE29A8773E00C4B132 /* Project object */ = {
			isa = PBXProject;
			attributes = {
				LastSwiftUpdateCheck = 1240;
				LastUpgradeCheck = 1240;
				TargetAttributes = {
					6610E2E529A8773E00C4B132 = {
						CreatedOnToolsVersion = 12.4;
					};
				};
			};
			buildConfigurationList = 6610E2E129A8773E00C4B132 /* Build configuration list for PBXProject "MeasuredB" */;
			compatibilityVersion = "Xcode 9.3";
			developmentRegion = en;
			hasScannedForEncodings = 0;
			knownRegions = (
				en,
				Base,
			);
			mainGroup = 6610E2DD29A8773E00C4B132;
			productRefGroup = 6610E2E729A8773E00C4B132 /* Products */;
			projectDirPath = "";
			projectRoot = "";
			targets = (
				6610E2E529A8773E00C4B132 /* MeasuredB */,
			);
		};
/* End PBXProject section */

/* Begin PBXResourcesBuildPhase section */
		6610E2E429A8773E00C4B132 /* Resources */ = {
			isa = PBXResourcesBuildPhase;
			buildActionMask = 2147483647;
			files = (
				6610E2F629A8774000C4B132 /* LaunchScreen.storyboard in Resources */,
				6610E2FF29A87C8F00C4B132 /* audio.mp3 in Resources */,
				6610E2F329A8774000C4B132 /* Assets.xcassets in Resources */,
				6610E2F129A8773E00C4B132 /* Main.storyboard in Resources */,
			);
			runOnlyForDeploymentPostprocessing = 0;
		};
/* End PBXResourcesBuildPhase section */

/* Begin PBXSourcesBuildPhase section */
		6610E2E229A8773E00C4B132 /* Sources */ = {
			isa = PBXSourcesBuildPhase;
			buildActionMask = 2147483647;
			files = (
				6610E2EE29A8773E00C4B132 /* ViewController.swift in Sources */,
				6610E2EA29A8773E00C4B132 /* AppDelegate.swift in Sources */,
				6610E2EC29A8773E00C4B132 /* SceneDelegate.swift in Sources */,
			);
			runOnlyForDeploymentPostprocessing = 0;
		};
/* End PBXSourcesBuildPhase section */

/* Begin PBXVariantGroup section */
		6610E2EF29A8773E00C4B132 /* Main.storyboard */ = {
			isa = PBXVariantGroup;
			children = (
				6610E2F029A8773E00C4B132 /* Base */,
			);
			name = Main.storyboard;
			sourceTree = "<group>";
		};
		6610E2F429A8774000C4B132 /* LaunchScreen.storyboard */ = {
			isa = PBXVariantGroup;
			children = (
				6610E2F529A8774000C4B132 /* Base */,
			);
			name = LaunchScreen.storyboard;
			sourceTree = "<group>";
		};
/* End PBXVariantGroup section */

/* Begin XCBuildConfiguration section */
		6610E2F829A8774000C4B132 /* Debug */ = {
			isa = XCBuildConfiguration;
			buildSettings = {
				ALWAYS_SEARCH_USER_PATHS = NO;
				CLANG_ANALYZER_NONNULL = YES;
				CLANG_ANALYZER_NUMBER_OBJECT_CONVERSION = YES_AGGRESSIVE;
				CLANG_CXX_LANGUAGE_STANDARD = "gnu++14";
				CLANG_CXX_LIBRARY = "libc++";
				CLANG_ENABLE_MODULES = YES;
				CLANG_ENABLE_OBJC_ARC = YES;
				CLANG_ENABLE_OBJC_WEAK = YES;
				CLANG_WARN_BLOCK_CAPTURE_AUTORELEASING = YES;
				CLANG_WARN_BOOL_CONVERSION = YES;
				CLANG_WARN_COMMA = YES;
				CLANG_WARN_CONSTANT_CONVERSION = YES;
				CLANG_WARN_DEPRECATED_OBJC_IMPLEMENTATIONS = YES;
				CLANG_WARN_DIRECT_OBJC_ISA_USAGE = YES_ERROR;
				CLANG_WARN_DOCUMENTATION_COMMENTS = YES;
				CLANG_WARN_EMPTY_BODY = YES;
				CLANG_WARN_ENUM_CONVERSION = YES;
				CLANG_WARN_INFINITE_RECURSION = YES;
				CLANG_WARN_INT_CONVERSION = YES;
				CLANG_WARN_NON_LITERAL_NULL_CONVERSION = YES;
				CLANG_WARN_OBJC_IMPLICIT_RETAIN_SELF = YES;
				CLANG_WARN_OBJC_LITERAL_CONVERSION = YES;
				CLANG_WARN_OBJC_ROOT_CLASS = YES_ERROR;
				CLANG_WARN_QUOTED_INCLUDE_IN_FRAMEWORK_HEADER = YES;
				CLANG_WARN_RANGE_LOOP_ANALYSIS = YES;
				CLANG_WARN_STRICT_PROTOTYPES = YES;
				CLANG_WARN_SUSPICIOUS_MOVE = YES;
				CLANG_WARN_UNGUARDED_AVAILABILITY = YES_AGGRESSIVE;
				CLANG_WARN_UNREACHABLE_CODE = YES;
				CLANG_WARN__DUPLICATE_METHOD_MATCH = YES;
				COPY_PHASE_STRIP = NO;
				DEBUG_INFORMATION_FORMAT = dwarf;
				ENABLE_STRICT_OBJC_MSGSEND = YES;
				ENABLE_TESTABILITY = YES;
				GCC_C_LANGUAGE_STANDARD = gnu11;
				GCC_DYNAMIC_NO_PIC = NO;
				GCC_NO_COMMON_BLOCKS = YES;
				GCC_OPTIMIZATION_LEVEL = 0;
				GCC_PREPROCESSOR_DEFINITIONS = (
					"DEBUG=1",
					"$(inherited)",
				);
				GCC_WARN_64_TO_32_BIT_CONVERSION = YES;
				GCC_WARN_ABOUT_RETURN_TYPE = YES_ERROR;
				GCC_WARN_UNDECLARED_SELECTOR = YES;
				GCC_WARN_UNINITIALIZED_AUTOS = YES_AGGRESSIVE;
				GCC_WARN_UNUSED_FUNCTION = YES;
				GCC_WARN_UNUSED_VARIABLE = YES;
				IPHONEOS_DEPLOYMENT_TARGET = 14.4;
				MTL_ENABLE_DEBUG_INFO = INCLUDE_SOURCE;
				MTL_FAST_MATH = YES;
				ONLY_ACTIVE_ARCH = YES;
				SDKROOT = iphoneos;
				SWIFT_ACTIVE_COMPILATION_CONDITIONS = DEBUG;
				SWIFT_OPTIMIZATION_LEVEL = "-Onone";
			};
			name = Debug;
		};
		6610E2F929A8774000C4B132 /* Release */ = {
			isa = XCBuildConfiguration;
			buildSettings = {
				ALWAYS_SEARCH_USER_PATHS = NO;
				CLANG_ANALYZER_NONNULL = YES;
				CLANG_ANALYZER_NUMBER_OBJECT_CONVERSION = YES_AGGRESSIVE;
				CLANG_CXX_LANGUAGE_STANDARD = "gnu++14";
				CLANG_CXX_LIBRARY = "libc++";
				CLANG_ENABLE_MODULES = YES;
				CLANG_ENABLE_OBJC_ARC = YES;
				CLANG_ENABLE_OBJC_WEAK = YES;
				CLANG_WARN_BLOCK_CAPTURE_AUTORELEASING = YES;
				CLANG_WARN_BOOL_CONVERSION = YES;
				CLANG_WARN_COMMA = YES;
				CLANG_WARN_CONSTANT_CONVERSION = YES;
				CLANG_WARN_DEPRECATED_OBJC_IMPLEMENTATIONS = YES;
				CLANG_WARN_DIRECT_OBJC_ISA_USAGE = YES_ERROR;
				CLANG_WARN_DOCUMENTATION_COMMENTS = YES;
				CLANG_WARN_EMPTY_BODY = YES;
				CLANG_WARN_ENUM_CONVERSION = YES;
				CLANG_WARN_INFINITE_RECURSION = YES;
				CLANG_WARN_INT_CONVERSION = YES;
				CLANG_WARN_NON_LITERAL_NULL_CONVERSION = YES;
				CLANG_WARN_OBJC_IMPLICIT_RETAIN_SELF = YES;
				CLANG_WARN_OBJC_LITERAL_CONVERSION = YES;
				CLANG_WARN_OBJC_ROOT_CLASS = YES_ERROR;
				CLANG_WARN_QUOTED_INCLUDE_IN_FRAMEWORK_HEADER = YES;
				CLANG_WARN_RANGE_LOOP_ANALYSIS = YES;
				CLANG_WARN_STRICT_PROTOTYPES = YES;
				CLANG_WARN_SUSPICIOUS_MOVE = YES;
				CLANG_WARN_UNGUARDED_AVAILABILITY = YES_AGGRESSIVE;
				CLANG_WARN_UNREACHABLE_CODE = YES;
				CLANG_WARN__DUPLICATE_METHOD_MATCH = YES;
				COPY_PHASE_STRIP = NO;
				DEBUG_INFORMATION_FORMAT = "dwarf-with-dsym";
				ENABLE_NS_ASSERTIONS = NO;
				ENABLE_STRICT_OBJC_MSGSEND = YES;
				GCC_C_LANGUAGE_STANDARD = gnu11;
				GCC_NO_COMMON_BLOCKS = YES;
				GCC_WARN_64_TO_32_BIT_CONVERSION = YES;
				GCC_WARN_ABOUT_RETURN_TYPE = YES_ERROR;
				GCC_WARN_UNDECLARED_SELECTOR = YES;
				GCC_WARN_UNINITIALIZED_AUTOS = YES_AGGRESSIVE;
				GCC_WARN_UNUSED_FUNCTION = YES;
				GCC_WARN_UNUSED_VARIABLE = YES;
				IPHONEOS_DEPLOYMENT_TARGET = 14.4;
				MTL_ENABLE_DEBUG_INFO = NO;
				MTL_FAST_MATH = YES;
				SDKROOT = iphoneos;
				SWIFT_COMPILATION_MODE = wholemodule;
				SWIFT_OPTIMIZATION_LEVEL = "-O";
				VALIDATE_PRODUCT = YES;
			};
			name = Release;
		};
		6610E2FB29A8774000C4B132 /* Debug */ = {
			isa = XCBuildConfiguration;
			buildSettings = {
				ASSETCATALOG_COMPILER_APPICON_NAME = AppIcon;
				ASSETCATALOG_COMPILER_GLOBAL_ACCENT_COLOR_NAME = AccentColor;
				CODE_SIGN_STYLE = Automatic;
				INFOPLIST_FILE = MeasuredB/Info.plist;
				LD_RUNPATH_SEARCH_PATHS = (
					"$(inherited)",
					"@executable_path/Frameworks",
				);
				PRODUCT_BUNDLE_IDENTIFIER = com.robosoftin.MeasuredB;
				PRODUCT_NAME = "$(TARGET_NAME)";
				SWIFT_VERSION = 5.0;
				TARGETED_DEVICE_FAMILY = "1,2";
			};
			name = Debug;
		};
		6610E2FC29A8774000C4B132 /* Release */ = {
			isa = XCBuildConfiguration;
			buildSettings = {
				ASSETCATALOG_COMPILER_APPICON_NAME = AppIcon;
				ASSETCATALOG_COMPILER_GLOBAL_ACCENT_COLOR_NAME = AccentColor;
				CODE_SIGN_STYLE = Automatic;
				INFOPLIST_FILE = MeasuredB/Info.plist;
				LD_RUNPATH_SEARCH_PATHS = (
					"$(inherited)",
					"@executable_path/Frameworks",
				);
				PRODUCT_BUNDLE_IDENTIFIER = com.robosoftin.MeasuredB;
				PRODUCT_NAME = "$(TARGET_NAME)";
				SWIFT_VERSION = 5.0;
				TARGETED_DEVICE_FAMILY = "1,2";
			};
			name = Release;
		};
/* End XCBuildConfiguration section */

/* Begin XCConfigurationList section */
		6610E2E129A8773E00C4B132 /* Build configuration list for PBXProject "MeasuredB" */ = {
			isa = XCConfigurationList;
			buildConfigurations = (
				6610E2F829A8774000C4B132 /* Debug */,
				6610E2F929A8774000C4B132 /* Release */,
			);
			defaultConfigurationIsVisible = 0;
			defaultConfigurationName = Release;
		};
		6610E2FA29A8774000C4B132 /* Build configuration list for PBXNativeTarget "MeasuredB" */ = {
			isa = XCConfigurationList;
			buildConfigurations = (
				6610E2FB29A8774000C4B132 /* Debug */,
				6610E2FC29A8774000C4B132 /* Release */,
			);
			defaultConfigurationIsVisible = 0;
			defaultConfigurationName = Release;
		};
/* End XCConfigurationList section */
	};
	rootObject = 6610E2DE29A8773E00C4B132 /* Project object */;
}
